
Microsoft Visual Studio Solution File, Format Version 12.00
# Visual Studio Version 16
VisualStudioVersion = 16.0.30104.148
MinimumVisualStudioVersion = 10.0.40219.1
Project("{9A19103F-16F7-4668-BE54-9A1E7A4F7556}") = "SPath", "SPath\SPath.csproj", "{D1963C2D-5F5E-410E-B88F-3D10E1CFFBD1}"
EndProject
Global
	GlobalSection(SolutionConfigurationPlatforms) = preSolution
		Debug|Any CPU = Debug|Any CPU
		Release|Any CPU = Release|Any CPU
	EndGlobalSection
	GlobalSection(ProjectConfigurationPlatforms) = postSolution
		{D1963C2D-5F5E-410E-B88F-3D10E1CFFBD1}.Debug|Any CPU.ActiveCfg = Debug|Any CPU
		{D1963C2D-5F5E-410E-B88F-3D10E1CFFBD1}.Debug|Any CPU.Build.0 = Debug|Any CPU
		{D1963C2D-5F5E-410E-B88F-3D10E1CFFBD1}.Release|Any CPU.ActiveCfg = Release|Any CPU
		{D1963C2D-5F5E-410E-B88F-3D10E1CFFBD1}.Release|Any CPU.Build.0 = Release|Any CPU
	EndGlobalSection
	GlobalSection(SolutionProperties) = preSolution
		HideSolutionNode = FALSE
	EndGlobalSection
	GlobalSection(ExtensibilityGlobals) = postSolution
		SolutionGuid = {3B9D5259-C538-4A87-9F31-F9F3075FEDB4}
	EndGlobalSection
EndGlobal
